
Microsoft Visual Studio Solution File, Format Version 12.00
# Visual Studio Version 16
VisualStudioVersion = 16.0.31313.79
MinimumVisualStudioVersion = 10.0.40219.1
Project("{FAE04EC0-301F-11D3-BF4B-00C04F79EFBC}") = "BM", "BM\BM.csproj", "{7F7764BB-CD50-442C-B78A-F0969F5EE5CC}"
EndProject
Global
	GlobalSection(SolutionConfigurationPlatforms) = preSolution
		Debug|Any CPU = Debug|Any CPU
		Release|Any CPU = Release|Any CPU
	EndGlobalSection
	GlobalSection(ProjectConfigurationPlatforms) = postSolution
		{7F7764BB-CD50-442C-B78A-F0969F5EE5CC}.Debug|Any CPU.ActiveCfg = Debug|Any CPU
		{7F7764BB-CD50-442C-B78A-F0969F5EE5CC}.Debug|Any CPU.Build.0 = Debug|Any CPU
		{7F7764BB-CD50-442C-B78A-F0969F5EE5CC}.Release|Any CPU.ActiveCfg = Release|Any CPU
		{7F7764BB-CD50-442C-B78A-F0969F5EE5CC}.Release|Any CPU.Build.0 = Release|Any CPU
	EndGlobalSection
	GlobalSection(SolutionProperties) = preSolution
		HideSolutionNode = FALSE
	EndGlobalSection
	GlobalSection(ExtensibilityGlobals) = postSolution
		SolutionGuid = {D5091D05-FFFF-4819-B97D-FF19729E1244}
	EndGlobalSection
EndGlobal
